
Microsoft Visual Studio Solution File, Format Version 12.00
# Visual Studio Version 17
VisualStudioVersion = 17.9.34622.214
MinimumVisualStudioVersion = 10.0.40219.1
Project("{FAE04EC0-301F-11D3-BF4B-00C04F79EFBC}") = "CSharpFunctionalExtensions.Linq", "CSharpFunctionalExtensions.Linq\CSharpFunctionalExtensions.Linq.csproj", "{520A8785-0483-474A-A5F8-691E825384A1}"
EndProject
Project("{FAE04EC0-301F-11D3-BF4B-00C04F79EFBC}") = "CSharpFunctionalExtensions.Linq.Tests", "CSharpFunctionalExtensions.Linq.Tests\CSharpFunctionalExtensions.Linq.Tests.csproj", "{A30FFA73-A658-4AFF-B85C-5F82D89EB3E8}"
EndProject
Global
	GlobalSection(SolutionConfigurationPlatforms) = preSolution
		Debug|Any CPU = Debug|Any CPU
		Release|Any CPU = Release|Any CPU
	EndGlobalSection
	GlobalSection(ProjectConfigurationPlatforms) = postSolution
		{520A8785-0483-474A-A5F8-691E825384A1}.Debug|Any CPU.ActiveCfg = Debug|Any CPU
		{520A8785-0483-474A-A5F8-691E825384A1}.Debug|Any CPU.Build.0 = Debug|Any CPU
		{520A8785-0483-474A-A5F8-691E825384A1}.Release|Any CPU.ActiveCfg = Release|Any CPU
		{520A8785-0483-474A-A5F8-691E825384A1}.Release|Any CPU.Build.0 = Release|Any CPU
		{A30FFA73-A658-4AFF-B85C-5F82D89EB3E8}.Debug|Any CPU.ActiveCfg = Debug|Any CPU
		{A30FFA73-A658-4AFF-B85C-5F82D89EB3E8}.Debug|Any CPU.Build.0 = Debug|Any CPU
		{A30FFA73-A658-4AFF-B85C-5F82D89EB3E8}.Release|Any CPU.ActiveCfg = Release|Any CPU
		{A30FFA73-A658-4AFF-B85C-5F82D89EB3E8}.Release|Any CPU.Build.0 = Release|Any CPU
	EndGlobalSection
	GlobalSection(SolutionProperties) = preSolution
		HideSolutionNode = FALSE
	EndGlobalSection
	GlobalSection(ExtensibilityGlobals) = postSolution
		SolutionGuid = {F3F3D385-ED68-4212-A274-F50C941208DB}
	EndGlobalSection
EndGlobal
